
Microsoft Visual Studio Solution File, Format Version 12.00
# Visual Studio Version 16
VisualStudioVersion = 16.0.31515.178
MinimumVisualStudioVersion = 10.0.40219.1
Project("{888888A0-9F3D-457C-B088-3A5042F75D52}") = "CIS261 Course Project DC", "CIS261 Course Project DC.pyproj", "{9C1FC724-A0E9-4766-8E85-CD7299CC073D}"
EndProject
Global
	GlobalSection(SolutionConfigurationPlatforms) = preSolution
		Debug|Any CPU = Debug|Any CPU
		Release|Any CPU = Release|Any CPU
	EndGlobalSection
	GlobalSection(ProjectConfigurationPlatforms) = postSolution
		{9C1FC724-A0E9-4766-8E85-CD7299CC073D}.Debug|Any CPU.ActiveCfg = Debug|Any CPU
		{9C1FC724-A0E9-4766-8E85-CD7299CC073D}.Release|Any CPU.ActiveCfg = Release|Any CPU
	EndGlobalSection
	GlobalSection(SolutionProperties) = preSolution
		HideSolutionNode = FALSE
	EndGlobalSection
	GlobalSection(ExtensibilityGlobals) = postSolution
		SolutionGuid = {FA92C679-F33D-4501-BC18-51F65C141C2B}
	EndGlobalSection
EndGlobal
